
Microsoft Visual Studio Solution File, Format Version 12.00
# Visual Studio Version 16
VisualStudioVersion = 16.0.29409.12
MinimumVisualStudioVersion = 10.0.40219.1
Project("{FAE04EC0-301F-11D3-BF4B-00C04F79EFBC}") = "HundoHelper", "HundoHelper\HundoHelper.csproj", "{FDCA1870-030F-41E1-8E41-D53E64ABD61D}"
EndProject
Global
	GlobalSection(SolutionConfigurationPlatforms) = preSolution
		Debug|Any CPU = Debug|Any CPU
		Release|Any CPU = Release|Any CPU
	EndGlobalSection
	GlobalSection(ProjectConfigurationPlatforms) = postSolution
		{FDCA1870-030F-41E1-8E41-D53E64ABD61D}.Debug|Any CPU.ActiveCfg = Debug|Any CPU
		{FDCA1870-030F-41E1-8E41-D53E64ABD61D}.Debug|Any CPU.Build.0 = Debug|Any CPU
		{FDCA1870-030F-41E1-8E41-D53E64ABD61D}.Release|Any CPU.ActiveCfg = Release|Any CPU
		{FDCA1870-030F-41E1-8E41-D53E64ABD61D}.Release|Any CPU.Build.0 = Release|Any CPU
	EndGlobalSection
	GlobalSection(SolutionProperties) = preSolution
		HideSolutionNode = FALSE
	EndGlobalSection
	GlobalSection(ExtensibilityGlobals) = postSolution
		SolutionGuid = {F32387E1-055D-4281-8D00-7D11B11DD7D9}
	EndGlobalSection
EndGlobal
